// !$*UTF8*$!
{
	archiveVersion = 1;
	classes = {
	};
	objectVersion = 56;
	objects = {

/* Begin PBXBuildFile section */
		C770A8E92AACAD0F003656EE /* loading_pictures_from_a_JSONApp.swift in Sources */ = {isa = PBXBuildFile; fileRef = C770A8E82AACAD0F003656EE /* loading_pictures_from_a_JSONApp.swift */; };
		C770A8EB2AACAD0F003656EE /* ContentView.swift in Sources */ = {isa = PBXBuildFile; fileRef = C770A8EA2AACAD0F003656EE /* ContentView.swift */; };
		C770A8ED2AACAD0F003656EE /* Assets.xcassets in Resources */ = {isa = PBXBuildFile; fileRef = C770A8EC2AACAD0F003656EE /* Assets.xcassets */; };
		C770A8F02AACAD0F003656EE /* Preview Assets.xcassets in Resources */ = {isa = PBXBuildFile; fileRef = C770A8EF2AACAD0F003656EE /* Preview Assets.xcassets */; };
		C770A8F72AACADF7003656EE /* DataLoader.swift in Sources */ = {isa = PBXBuildFile; fileRef = C770A8F62AACADF7003656EE /* DataLoader.swift */; };
		C770A8F92AACAE63003656EE /* NetworkService.swift in Sources */ = {isa = PBXBuildFile; fileRef = C770A8F82AACAE63003656EE /* NetworkService.swift */; };
		C7AF10602AADBC96000E13B0 /* LoadingImage.swift in Sources */ = {isa = PBXBuildFile; fileRef = C7AF105F2AADBC96000E13B0 /* LoadingImage.swift */; };
		C7AF10622AADC171000E13B0 /* DataLoaderNetworkService.swift in Sources */ = {isa = PBXBuildFile; fileRef = C7AF10612AADC171000E13B0 /* DataLoaderNetworkService.swift */; };
		C7AF10642AADC1B2000E13B0 /* GetDataResponce.swift in Sources */ = {isa = PBXBuildFile; fileRef = C7AF10632AADC1B2000E13B0 /* GetDataResponce.swift */; };
		C7AF106E2AADD1A2000E13B0 /* DetailView.swift in Sources */ = {isa = PBXBuildFile; fileRef = C7AF106D2AADD1A2000E13B0 /* DetailView.swift */; };
		C7CD2C7B2AAF0867006F29FA /* DataLoaderViewModel.swift in Sources */ = {isa = PBXBuildFile; fileRef = C7CD2C7A2AAF0867006F29FA /* DataLoaderViewModel.swift */; };
/* End PBXBuildFile section */

/* Begin PBXFileReference section */
		C770A8E52AACAD0F003656EE /* loading_pictures_from_a_JSON.app */ = {isa = PBXFileReference; explicitFileType = wrapper.application; includeInIndex = 0; path = loading_pictures_from_a_JSON.app; sourceTree = BUILT_PRODUCTS_DIR; };
		C770A8E82AACAD0F003656EE /* loading_pictures_from_a_JSONApp.swift */ = {isa = PBXFileReference; lastKnownFileType = sourcecode.swift; path = loading_pictures_from_a_JSONApp.swift; sourceTree = "<group>"; };
		C770A8EA2AACAD0F003656EE /* ContentView.swift */ = {isa = PBXFileReference; lastKnownFileType = sourcecode.swift; path = ContentView.swift; sourceTree = "<group>"; };
		C770A8EC2AACAD0F003656EE /* Assets.xcassets */ = {isa = PBXFileReference; lastKnownFileType = folder.assetcatalog; path = Assets.xcassets; sourceTree = "<group>"; };
		C770A8EF2AACAD0F003656EE /* Preview Assets.xcassets */ = {isa = PBXFileReference; lastKnownFileType = folder.assetcatalog; path = "Preview Assets.xcassets"; sourceTree = "<group>"; };
		C770A8F62AACADF7003656EE /* DataLoader.swift */ = {isa = PBXFileReference; lastKnownFileType = sourcecode.swift; path = DataLoader.swift; sourceTree = "<group>"; };
		C770A8F82AACAE63003656EE /* NetworkService.swift */ = {isa = PBXFileReference; lastKnownFileType = sourcecode.swift; path = NetworkService.swift; sourceTree = "<group>"; };
		C7AF105F2AADBC96000E13B0 /* LoadingImage.swift */ = {isa = PBXFileReference; lastKnownFileType = sourcecode.swift; path = LoadingImage.swift; sourceTree = "<group>"; };
		C7AF10612AADC171000E13B0 /* DataLoaderNetworkService.swift */ = {isa = PBXFileReference; lastKnownFileType = sourcecode.swift; path = DataLoaderNetworkService.swift; sourceTree = "<group>"; };
		C7AF10632AADC1B2000E13B0 /* GetDataResponce.swift */ = {isa = PBXFileReference; lastKnownFileType = sourcecode.swift; path = GetDataResponce.swift; sourceTree = "<group>"; };
		C7AF106D2AADD1A2000E13B0 /* DetailView.swift */ = {isa = PBXFileReference; lastKnownFileType = sourcecode.swift; path = DetailView.swift; sourceTree = "<group>"; };
		C7CD2C7A2AAF0867006F29FA /* DataLoaderViewModel.swift */ = {isa = PBXFileReference; lastKnownFileType = sourcecode.swift; path = DataLoaderViewModel.swift; sourceTree = "<group>"; };
/* End PBXFileReference section */

/* Begin PBXFrameworksBuildPhase section */
		C770A8E22AACAD0F003656EE /* Frameworks */ = {
			isa = PBXFrameworksBuildPhase;
			buildActionMask = 2147483647;
			files = (
			);
			runOnlyForDeploymentPostprocessing = 0;
		};
/* End PBXFrameworksBuildPhase section */

/* Begin PBXGroup section */
		C770A8DC2AACAD0E003656EE = {
			isa = PBXGroup;
			children = (
				C770A8E72AACAD0F003656EE /* loading_pictures_from_a_JSON */,
				C770A8E62AACAD0F003656EE /* Products */,
			);
			sourceTree = "<group>";
		};
		C770A8E62AACAD0F003656EE /* Products */ = {
			isa = PBXGroup;
			children = (
				C770A8E52AACAD0F003656EE /* loading_pictures_from_a_JSON.app */,
			);
			name = Products;
			sourceTree = "<group>";
		};
		C770A8E72AACAD0F003656EE /* loading_pictures_from_a_JSON */ = {
			isa = PBXGroup;
			children = (
				C7AF106C2AADD17A000E13B0 /* DetailScreen */,
				C7AF10692AADCE0A000E13B0 /* Application */,
				C7AF10652AADCD7E000E13B0 /* MainScreen */,
				C770A8EE2AACAD0F003656EE /* Preview Content */,
			);
			path = loading_pictures_from_a_JSON;
			sourceTree = "<group>";
		};
		C770A8EE2AACAD0F003656EE /* Preview Content */ = {
			isa = PBXGroup;
			children = (
				C770A8EC2AACAD0F003656EE /* Assets.xcassets */,
				C770A8EF2AACAD0F003656EE /* Preview Assets.xcassets */,
			);
			path = "Preview Content";
			sourceTree = "<group>";
		};
		C7AF10652AADCD7E000E13B0 /* MainScreen */ = {
			isa = PBXGroup;
			children = (
				C7CD2C792AAF081C006F29FA /* ViewModel */,
				C7AF10682AADCDC2000E13B0 /* Network */,
				C7AF10672AADCDB0000E13B0 /* View */,
				C7AF10662AADCDA9000E13B0 /* Model */,
			);
			path = MainScreen;
			sourceTree = "<group>";
		};
		C7AF10662AADCDA9000E13B0 /* Model */ = {
			isa = PBXGroup;
			children = (
				C7AF10632AADC1B2000E13B0 /* GetDataResponce.swift */,
				C770A8F62AACADF7003656EE /* DataLoader.swift */,
			);
			path = Model;
			sourceTree = "<group>";
		};
		C7AF10672AADCDB0000E13B0 /* View */ = {
			isa = PBXGroup;
			children = (
				C770A8EA2AACAD0F003656EE /* ContentView.swift */,
			);
			path = View;
			sourceTree = "<group>";
		};
		C7AF10682AADCDC2000E13B0 /* Network */ = {
			isa = PBXGroup;
			children = (
				C7AF10612AADC171000E13B0 /* DataLoaderNetworkService.swift */,
			);
			path = Network;
			sourceTree = "<group>";
		};
		C7AF10692AADCE0A000E13B0 /* Application */ = {
			isa = PBXGroup;
			children = (
				C7AF106B2AADCE25000E13B0 /* View */,
				C7AF106A2AADCE15000E13B0 /* Network */,
			);
			path = Application;
			sourceTree = "<group>";
		};
		C7AF106A2AADCE15000E13B0 /* Network */ = {
			isa = PBXGroup;
			children = (
				C770A8F82AACAE63003656EE /* NetworkService.swift */,
				C7AF105F2AADBC96000E13B0 /* LoadingImage.swift */,
			);
			path = Network;
			sourceTree = "<group>";
		};
		C7AF106B2AADCE25000E13B0 /* View */ = {
			isa = PBXGroup;
			children = (
				C770A8E82AACAD0F003656EE /* loading_pictures_from_a_JSONApp.swift */,
			);
			path = View;
			sourceTree = "<group>";
		};
		C7AF106C2AADD17A000E13B0 /* DetailScreen */ = {
			isa = PBXGroup;
			children = (
				C7AF106D2AADD1A2000E13B0 /* DetailView.swift */,
			);
			path = DetailScreen;
			sourceTree = "<group>";
		};
		C7CD2C792AAF081C006F29FA /* ViewModel */ = {
			isa = PBXGroup;
			children = (
				C7CD2C7A2AAF0867006F29FA /* DataLoaderViewModel.swift */,
			);
			path = ViewModel;
			sourceTree = "<group>";
		};
/* End PBXGroup section */

/* Begin PBXNativeTarget section */
		C770A8E42AACAD0F003656EE /* loading_pictures_from_a_JSON */ = {
			isa = PBXNativeTarget;
			buildConfigurationList = C770A8F32AACAD0F003656EE /* Build configuration list for PBXNativeTarget "loading_pictures_from_a_JSON" */;
			buildPhases = (
				C770A8E12AACAD0F003656EE /* Sources */,
				C770A8E22AACAD0F003656EE /* Frameworks */,
				C770A8E32AACAD0F003656EE /* Resources */,
			);
			buildRules = (
			);
			dependencies = (
			);
			name = loading_pictures_from_a_JSON;
			productName = loading_pictures_from_a_JSON;
			productReference = C770A8E52AACAD0F003656EE /* loading_pictures_from_a_JSON.app */;
			productType = "com.apple.product-type.application";
		};
/* End PBXNativeTarget section */

/* Begin PBXProject section */
		C770A8DD2AACAD0E003656EE /* Project object */ = {
			isa = PBXProject;
			attributes = {
				BuildIndependentTargetsInParallel = 1;
				LastSwiftUpdateCheck = 1430;
				LastUpgradeCheck = 1430;
				TargetAttributes = {
					C770A8E42AACAD0F003656EE = {
						CreatedOnToolsVersion = 14.3.1;
					};
				};
			};
			buildConfigurationList = C770A8E02AACAD0E003656EE /* Build configuration list for PBXProject "loading_pictures_from_a_JSON" */;
			compatibilityVersion = "Xcode 14.0";
			developmentRegion = en;
			hasScannedForEncodings = 0;
			knownRegions = (
				en,
				Base,
			);
			mainGroup = C770A8DC2AACAD0E003656EE;
			productRefGroup = C770A8E62AACAD0F003656EE /* Products */;
			projectDirPath = "";
			projectRoot = "";
			targets = (
				C770A8E42AACAD0F003656EE /* loading_pictures_from_a_JSON */,
			);
		};
/* End PBXProject section */

/* Begin PBXResourcesBuildPhase section */
		C770A8E32AACAD0F003656EE /* Resources */ = {
			isa = PBXResourcesBuildPhase;
			buildActionMask = 2147483647;
			files = (
				C770A8F02AACAD0F003656EE /* Preview Assets.xcassets in Resources */,
				C770A8ED2AACAD0F003656EE /* Assets.xcassets in Resources */,
			);
			runOnlyForDeploymentPostprocessing = 0;
		};
/* End PBXResourcesBuildPhase section */

/* Begin PBXSourcesBuildPhase section */
		C770A8E12AACAD0F003656EE /* Sources */ = {
			isa = PBXSourcesBuildPhase;
			buildActionMask = 2147483647;
			files = (
				C770A8EB2AACAD0F003656EE /* ContentView.swift in Sources */,
				C7AF106E2AADD1A2000E13B0 /* DetailView.swift in Sources */,
				C770A8F72AACADF7003656EE /* DataLoader.swift in Sources */,
				C770A8F92AACAE63003656EE /* NetworkService.swift in Sources */,
				C770A8E92AACAD0F003656EE /* loading_pictures_from_a_JSONApp.swift in Sources */,
				C7CD2C7B2AAF0867006F29FA /* DataLoaderViewModel.swift in Sources */,
				C7AF10602AADBC96000E13B0 /* LoadingImage.swift in Sources */,
				C7AF10642AADC1B2000E13B0 /* GetDataResponce.swift in Sources */,
				C7AF10622AADC171000E13B0 /* DataLoaderNetworkService.swift in Sources */,
			);
			runOnlyForDeploymentPostprocessing = 0;
		};
/* End PBXSourcesBuildPhase section */

/* Begin XCBuildConfiguration section */
		C770A8F12AACAD0F003656EE /* Debug */ = {
			isa = XCBuildConfiguration;
			buildSettings = {
				ALWAYS_SEARCH_USER_PATHS = NO;
				CLANG_ANALYZER_NONNULL = YES;
				CLANG_ANALYZER_NUMBER_OBJECT_CONVERSION = YES_AGGRESSIVE;
				CLANG_CXX_LANGUAGE_STANDARD = "gnu++20";
				CLANG_ENABLE_MODULES = YES;
				CLANG_ENABLE_OBJC_ARC = YES;
				CLANG_ENABLE_OBJC_WEAK = YES;
				CLANG_WARN_BLOCK_CAPTURE_AUTORELEASING = YES;
				CLANG_WARN_BOOL_CONVERSION = YES;
				CLANG_WARN_COMMA = YES;
				CLANG_WARN_CONSTANT_CONVERSION = YES;
				CLANG_WARN_DEPRECATED_OBJC_IMPLEMENTATIONS = YES;
				CLANG_WARN_DIRECT_OBJC_ISA_USAGE = YES_ERROR;
				CLANG_WARN_DOCUMENTATION_COMMENTS = YES;
				CLANG_WARN_EMPTY_BODY = YES;
				CLANG_WARN_ENUM_CONVERSION = YES;
				CLANG_WARN_INFINITE_RECURSION = YES;
				CLANG_WARN_INT_CONVERSION = YES;
				CLANG_WARN_NON_LITERAL_NULL_CONVERSION = YES;
				CLANG_WARN_OBJC_IMPLICIT_RETAIN_SELF = YES;
				CLANG_WARN_OBJC_LITERAL_CONVERSION = YES;
				CLANG_WARN_OBJC_ROOT_CLASS = YES_ERROR;
				CLANG_WARN_QUOTED_INCLUDE_IN_FRAMEWORK_HEADER = YES;
				CLANG_WARN_RANGE_LOOP_ANALYSIS = YES;
				CLANG_WARN_STRICT_PROTOTYPES = YES;
				CLANG_WARN_SUSPICIOUS_MOVE = YES;
				CLANG_WARN_UNGUARDED_AVAILABILITY = YES_AGGRESSIVE;
				CLANG_WARN_UNREACHABLE_CODE = YES;
				CLANG_WARN__DUPLICATE_METHOD_MATCH = YES;
				COPY_PHASE_STRIP = NO;
				DEBUG_INFORMATION_FORMAT = dwarf;
				ENABLE_STRICT_OBJC_MSGSEND = YES;
				ENABLE_TESTABILITY = YES;
				GCC_C_LANGUAGE_STANDARD = gnu11;
				GCC_DYNAMIC_NO_PIC = NO;
				GCC_NO_COMMON_BLOCKS = YES;
				GCC_OPTIMIZATION_LEVEL = 0;
				GCC_PREPROCESSOR_DEFINITIONS = (
					"DEBUG=1",
					"$(inherited)",
				);
				GCC_WARN_64_TO_32_BIT_CONVERSION = YES;
				GCC_WARN_ABOUT_RETURN_TYPE = YES_ERROR;
				GCC_WARN_UNDECLARED_SELECTOR = YES;
				GCC_WARN_UNINITIALIZED_AUTOS = YES_AGGRESSIVE;
				GCC_WARN_UNUSED_FUNCTION = YES;
				GCC_WARN_UNUSED_VARIABLE = YES;
				IPHONEOS_DEPLOYMENT_TARGET = 16.4;
				MTL_ENABLE_DEBUG_INFO = INCLUDE_SOURCE;
				MTL_FAST_MATH = YES;
				ONLY_ACTIVE_ARCH = YES;
				SDKROOT = iphoneos;
				SWIFT_ACTIVE_COMPILATION_CONDITIONS = DEBUG;
				SWIFT_OPTIMIZATION_LEVEL = "-Onone";
			};
			name = Debug;
		};
		C770A8F22AACAD0F003656EE /* Release */ = {
			isa = XCBuildConfiguration;
			buildSettings = {
				ALWAYS_SEARCH_USER_PATHS = NO;
				CLANG_ANALYZER_NONNULL = YES;
				CLANG_ANALYZER_NUMBER_OBJECT_CONVERSION = YES_AGGRESSIVE;
				CLANG_CXX_LANGUAGE_STANDARD = "gnu++20";
				CLANG_ENABLE_MODULES = YES;
				CLANG_ENABLE_OBJC_ARC = YES;
				CLANG_ENABLE_OBJC_WEAK = YES;
				CLANG_WARN_BLOCK_CAPTURE_AUTORELEASING = YES;
				CLANG_WARN_BOOL_CONVERSION = YES;
				CLANG_WARN_COMMA = YES;
				CLANG_WARN_CONSTANT_CONVERSION = YES;
				CLANG_WARN_DEPRECATED_OBJC_IMPLEMENTATIONS = YES;
				CLANG_WARN_DIRECT_OBJC_ISA_USAGE = YES_ERROR;
				CLANG_WARN_DOCUMENTATION_COMMENTS = YES;
				CLANG_WARN_EMPTY_BODY = YES;
				CLANG_WARN_ENUM_CONVERSION = YES;
				CLANG_WARN_INFINITE_RECURSION = YES;
				CLANG_WARN_INT_CONVERSION = YES;
				CLANG_WARN_NON_LITERAL_NULL_CONVERSION = YES;
				CLANG_WARN_OBJC_IMPLICIT_RETAIN_SELF = YES;
				CLANG_WARN_OBJC_LITERAL_CONVERSION = YES;
				CLANG_WARN_OBJC_ROOT_CLASS = YES_ERROR;
				CLANG_WARN_QUOTED_INCLUDE_IN_FRAMEWORK_HEADER = YES;
				CLANG_WARN_RANGE_LOOP_ANALYSIS = YES;
				CLANG_WARN_STRICT_PROTOTYPES = YES;
				CLANG_WARN_SUSPICIOUS_MOVE = YES;
				CLANG_WARN_UNGUARDED_AVAILABILITY = YES_AGGRESSIVE;
				CLANG_WARN_UNREACHABLE_CODE = YES;
				CLANG_WARN__DUPLICATE_METHOD_MATCH = YES;
				COPY_PHASE_STRIP = NO;
				DEBUG_INFORMATION_FORMAT = "dwarf-with-dsym";
				ENABLE_NS_ASSERTIONS = NO;
				ENABLE_STRICT_OBJC_MSGSEND = YES;
				GCC_C_LANGUAGE_STANDARD = gnu11;
				GCC_NO_COMMON_BLOCKS = YES;
				GCC_WARN_64_TO_32_BIT_CONVERSION = YES;
				GCC_WARN_ABOUT_RETURN_TYPE = YES_ERROR;
				GCC_WARN_UNDECLARED_SELECTOR = YES;
				GCC_WARN_UNINITIALIZED_AUTOS = YES_AGGRESSIVE;
				GCC_WARN_UNUSED_FUNCTION = YES;
				GCC_WARN_UNUSED_VARIABLE = YES;
				IPHONEOS_DEPLOYMENT_TARGET = 16.4;
				MTL_ENABLE_DEBUG_INFO = NO;
				MTL_FAST_MATH = YES;
				SDKROOT = iphoneos;
				SWIFT_COMPILATION_MODE = wholemodule;
				SWIFT_OPTIMIZATION_LEVEL = "-O";
				VALIDATE_PRODUCT = YES;
			};
			name = Release;
		};
		C770A8F42AACAD0F003656EE /* Debug */ = {
			isa = XCBuildConfiguration;
			buildSettings = {
				ASSETCATALOG_COMPILER_APPICON_NAME = AppIcon;
				ASSETCATALOG_COMPILER_GLOBAL_ACCENT_COLOR_NAME = AccentColor;
				CODE_SIGN_STYLE = Automatic;
				CURRENT_PROJECT_VERSION = 1;
				DEVELOPMENT_ASSET_PATHS = "\"loading_pictures_from_a_JSON/Preview Content\"";
				ENABLE_PREVIEWS = YES;
				GENERATE_INFOPLIST_FILE = YES;
				INFOPLIST_KEY_UIApplicationSceneManifest_Generation = YES;
				INFOPLIST_KEY_UIApplicationSupportsIndirectInputEvents = YES;
				INFOPLIST_KEY_UILaunchScreen_Generation = YES;
				INFOPLIST_KEY_UISupportedInterfaceOrientations_iPad = "UIInterfaceOrientationPortrait UIInterfaceOrientationPortraitUpsideDown UIInterfaceOrientationLandscapeLeft UIInterfaceOrientationLandscapeRight";
				INFOPLIST_KEY_UISupportedInterfaceOrientations_iPhone = "UIInterfaceOrientationPortrait UIInterfaceOrientationLandscapeLeft UIInterfaceOrientationLandscapeRight";
				LD_RUNPATH_SEARCH_PATHS = (
					"$(inherited)",
					"@executable_path/Frameworks",
				);
				MARKETING_VERSION = 1.0;
				PRODUCT_BUNDLE_IDENTIFIER = "ma.loading-pictures-from-a-JSON";
				PRODUCT_NAME = "$(TARGET_NAME)";
				SWIFT_EMIT_LOC_STRINGS = YES;
				SWIFT_VERSION = 5.0;
				TARGETED_DEVICE_FAMILY = "1,2";
			};
			name = Debug;
		};
		C770A8F52AACAD0F003656EE /* Release */ = {
			isa = XCBuildConfiguration;
			buildSettings = {
				ASSETCATALOG_COMPILER_APPICON_NAME = AppIcon;
				ASSETCATALOG_COMPILER_GLOBAL_ACCENT_COLOR_NAME = AccentColor;
				CODE_SIGN_STYLE = Automatic;
				CURRENT_PROJECT_VERSION = 1;
				DEVELOPMENT_ASSET_PATHS = "\"loading_pictures_from_a_JSON/Preview Content\"";
				ENABLE_PREVIEWS = YES;
				GENERATE_INFOPLIST_FILE = YES;
				INFOPLIST_KEY_UIApplicationSceneManifest_Generation = YES;
				INFOPLIST_KEY_UIApplicationSupportsIndirectInputEvents = YES;
				INFOPLIST_KEY_UILaunchScreen_Generation = YES;
				INFOPLIST_KEY_UISupportedInterfaceOrientations_iPad = "UIInterfaceOrientationPortrait UIInterfaceOrientationPortraitUpsideDown UIInterfaceOrientationLandscapeLeft UIInterfaceOrientationLandscapeRight";
				INFOPLIST_KEY_UISupportedInterfaceOrientations_iPhone = "UIInterfaceOrientationPortrait UIInterfaceOrientationLandscapeLeft UIInterfaceOrientationLandscapeRight";
				LD_RUNPATH_SEARCH_PATHS = (
					"$(inherited)",
					"@executable_path/Frameworks",
				);
				MARKETING_VERSION = 1.0;
				PRODUCT_BUNDLE_IDENTIFIER = "ma.loading-pictures-from-a-JSON";
				PRODUCT_NAME = "$(TARGET_NAME)";
				SWIFT_EMIT_LOC_STRINGS = YES;
				SWIFT_VERSION = 5.0;
				TARGETED_DEVICE_FAMILY = "1,2";
			};
			name = Release;
		};
/* End XCBuildConfiguration section */

/* Begin XCConfigurationList section */
		C770A8E02AACAD0E003656EE /* Build configuration list for PBXProject "loading_pictures_from_a_JSON" */ = {
			isa = XCConfigurationList;
			buildConfigurations = (
				C770A8F12AACAD0F003656EE /* Debug */,
				C770A8F22AACAD0F003656EE /* Release */,
			);
			defaultConfigurationIsVisible = 0;
			defaultConfigurationName = Release;
		};
		C770A8F32AACAD0F003656EE /* Build configuration list for PBXNativeTarget "loading_pictures_from_a_JSON" */ = {
			isa = XCConfigurationList;
			buildConfigurations = (
				C770A8F42AACAD0F003656EE /* Debug */,
				C770A8F52AACAD0F003656EE /* Release */,
			);
			defaultConfigurationIsVisible = 0;
			defaultConfigurationName = Release;
		};
/* End XCConfigurationList section */
	};
	rootObject = C770A8DD2AACAD0E003656EE /* Project object */;
}
